// !$*UTF8*$!
{
	archiveVersion = 1;
	classes = {
	};
	objectVersion = 50;
	objects = {

/* Begin PBXBuildFile section */
		3310ECAC2368ADFA00FEB32F /* AppDelegate.swift in Sources */ = {isa = PBXBuildFile; fileRef = 3310ECAB2368ADFA00FEB32F /* AppDelegate.swift */; };
		3310ECAE2368ADFA00FEB32F /* SceneDelegate.swift in Sources */ = {isa = PBXBuildFile; fileRef = 3310ECAD2368ADFA00FEB32F /* SceneDelegate.swift */; };
		3310ECB02368ADFA00FEB32F /* ContentView.swift in Sources */ = {isa = PBXBuildFile; fileRef = 3310ECAF2368ADFA00FEB32F /* ContentView.swift */; };
		3310ECB22368ADFB00FEB32F /* Assets.xcassets in Resources */ = {isa = PBXBuildFile; fileRef = 3310ECB12368ADFB00FEB32F /* Assets.xcassets */; };
		3310ECB52368ADFB00FEB32F /* Preview Assets.xcassets in Resources */ = {isa = PBXBuildFile; fileRef = 3310ECB42368ADFB00FEB32F /* Preview Assets.xcassets */; };
		3310ECB82368ADFB00FEB32F /* LaunchScreen.storyboard in Resources */ = {isa = PBXBuildFile; fileRef = 3310ECB62368ADFB00FEB32F /* LaunchScreen.storyboard */; };
		334B60E126BCCB7C008ECE02 /* wrappedaf.framework in Frameworks */ = {isa = PBXBuildFile; fileRef = 334B60AE26BB48D4008ECE02 /* wrappedaf.framework */; };
		334B60E226BCCB7C008ECE02 /* wrappedaf.framework in Embed Frameworks */ = {isa = PBXBuildFile; fileRef = 334B60AE26BB48D4008ECE02 /* wrappedaf.framework */; settings = {ATTRIBUTES = (CodeSignOnCopy, RemoveHeadersOnCopy, ); }; };
		335968CC2632093E0004EADF /* mydelegate.swift in Sources */ = {isa = PBXBuildFile; fileRef = 335968CB2632093D0004EADF /* mydelegate.swift */; };
		C867C5832ABC763D348BD1A9 /* libPods-ios-sample.a in Frameworks */ = {isa = PBXBuildFile; fileRef = 7AEFA21FE7182828AD85F953 /* libPods-ios-sample.a */; };
/* End PBXBuildFile section */

/* Begin PBXCopyFilesBuildPhase section */
		334B60E326BCCB7C008ECE02 /* Embed Frameworks */ = {
			isa = PBXCopyFilesBuildPhase;
			buildActionMask = 2147483647;
			dstPath = "";
			dstSubfolderSpec = 10;
			files = (
				334B60E226BCCB7C008ECE02 /* wrappedaf.framework in Embed Frameworks */,
			);
			name = "Embed Frameworks";
			runOnlyForDeploymentPostprocessing = 0;
		};
/* End PBXCopyFilesBuildPhase section */

/* Begin PBXFileReference section */
		0B9A34765E8298FD0B83DC4B /* Pods-ios-sample.debug.xcconfig */ = {isa = PBXFileReference; includeInIndex = 1; lastKnownFileType = text.xcconfig; name = "Pods-ios-sample.debug.xcconfig"; path = "Target Support Files/Pods-ios-sample/Pods-ios-sample.debug.xcconfig"; sourceTree = "<group>"; };
		3310ECA82368ADFA00FEB32F /* ios-sample.app */ = {isa = PBXFileReference; explicitFileType = wrapper.application; includeInIndex = 0; path = "ios-sample.app"; sourceTree = BUILT_PRODUCTS_DIR; };
		3310ECAB2368ADFA00FEB32F /* AppDelegate.swift */ = {isa = PBXFileReference; lastKnownFileType = sourcecode.swift; path = AppDelegate.swift; sourceTree = "<group>"; };
		3310ECAD2368ADFA00FEB32F /* SceneDelegate.swift */ = {isa = PBXFileReference; lastKnownFileType = sourcecode.swift; path = SceneDelegate.swift; sourceTree = "<group>"; };
		3310ECAF2368ADFA00FEB32F /* ContentView.swift */ = {isa = PBXFileReference; lastKnownFileType = sourcecode.swift; path = ContentView.swift; sourceTree = "<group>"; };
		3310ECB12368ADFB00FEB32F /* Assets.xcassets */ = {isa = PBXFileReference; lastKnownFileType = folder.assetcatalog; path = Assets.xcassets; sourceTree = "<group>"; };
		3310ECB42368ADFB00FEB32F /* Preview Assets.xcassets */ = {isa = PBXFileReference; lastKnownFileType = folder.assetcatalog; path = "Preview Assets.xcassets"; sourceTree = "<group>"; };
		3310ECB72368ADFB00FEB32F /* Base */ = {isa = PBXFileReference; lastKnownFileType = file.storyboard; name = Base; path = Base.lproj/LaunchScreen.storyboard; sourceTree = "<group>"; };
		3310ECB92368ADFB00FEB32F /* Info.plist */ = {isa = PBXFileReference; lastKnownFileType = text.plist.xml; path = Info.plist; sourceTree = "<group>"; };
		334B60AE26BB48D4008ECE02 /* wrappedaf.framework */ = {isa = PBXFileReference; explicitFileType = wrapper.framework; path = wrappedaf.framework; sourceTree = BUILT_PRODUCTS_DIR; };
		334B60B026BB48E5008ECE02 /* wrappedaf.framework */ = {isa = PBXFileReference; explicitFileType = wrapper.framework; path = wrappedaf.framework; sourceTree = BUILT_PRODUCTS_DIR; };
		335968CB2632093D0004EADF /* mydelegate.swift */ = {isa = PBXFileReference; lastKnownFileType = sourcecode.swift; path = mydelegate.swift; sourceTree = "<group>"; };
		33FD3EC72368EA7900418193 /* ios-sample.entitlements */ = {isa = PBXFileReference; lastKnownFileType = text.plist.entitlements; path = "ios-sample.entitlements"; sourceTree = "<group>"; };
		7AEFA21FE7182828AD85F953 /* libPods-ios-sample.a */ = {isa = PBXFileReference; explicitFileType = archive.ar; includeInIndex = 0; path = "libPods-ios-sample.a"; sourceTree = BUILT_PRODUCTS_DIR; };
		7E2355465498A61217484400 /* Pods-ios-sample.release.xcconfig */ = {isa = PBXFileReference; includeInIndex = 1; lastKnownFileType = text.xcconfig; name = "Pods-ios-sample.release.xcconfig"; path = "Target Support Files/Pods-ios-sample/Pods-ios-sample.release.xcconfig"; sourceTree = "<group>"; };
/* End PBXFileReference section */

/* Begin PBXFrameworksBuildPhase section */
		3310ECA52368ADFA00FEB32F /* Frameworks */ = {
			isa = PBXFrameworksBuildPhase;
			buildActionMask = 2147483647;
			files = (
				C867C5832ABC763D348BD1A9 /* libPods-ios-sample.a in Frameworks */,
				334B60E126BCCB7C008ECE02 /* wrappedaf.framework in Frameworks */,
			);
			runOnlyForDeploymentPostprocessing = 0;
		};
/* End PBXFrameworksBuildPhase section */

/* Begin PBXGroup section */
		3310EC9F2368ADFA00FEB32F = {
			isa = PBXGroup;
			children = (
				3310ECAA2368ADFA00FEB32F /* ios-sample */,
				3310ECA92368ADFA00FEB32F /* Products */,
				49679E05BD5435EA96060D7D /* Pods */,
				877231783FA452F62F2F9864 /* Frameworks */,
			);
			sourceTree = "<group>";
		};
		3310ECA92368ADFA00FEB32F /* Products */ = {
			isa = PBXGroup;
			children = (
				3310ECA82368ADFA00FEB32F /* ios-sample.app */,
			);
			name = Products;
			sourceTree = "<group>";
		};
		3310ECAA2368ADFA00FEB32F /* ios-sample */ = {
			isa = PBXGroup;
			children = (
				33FD3EC72368EA7900418193 /* ios-sample.entitlements */,
				3310ECAB2368ADFA00FEB32F /* AppDelegate.swift */,
				335968CB2632093D0004EADF /* mydelegate.swift */,
				3310ECAD2368ADFA00FEB32F /* SceneDelegate.swift */,
				3310ECAF2368ADFA00FEB32F /* ContentView.swift */,
				3310ECB12368ADFB00FEB32F /* Assets.xcassets */,
				3310ECB62368ADFB00FEB32F /* LaunchScreen.storyboard */,
				3310ECB92368ADFB00FEB32F /* Info.plist */,
				3310ECB32368ADFB00FEB32F /* Preview Content */,
			);
			path = "ios-sample";
			sourceTree = "<group>";
		};
		3310ECB32368ADFB00FEB32F /* Preview Content */ = {
			isa = PBXGroup;
			children = (
				3310ECB42368ADFB00FEB32F /* Preview Assets.xcassets */,
			);
			path = "Preview Content";
			sourceTree = "<group>";
		};
		49679E05BD5435EA96060D7D /* Pods */ = {
			isa = PBXGroup;
			children = (
				0B9A34765E8298FD0B83DC4B /* Pods-ios-sample.debug.xcconfig */,
				7E2355465498A61217484400 /* Pods-ios-sample.release.xcconfig */,
			);
			path = Pods;
			sourceTree = "<group>";
		};
		877231783FA452F62F2F9864 /* Frameworks */ = {
			isa = PBXGroup;
			children = (
				334B60B026BB48E5008ECE02 /* wrappedaf.framework */,
				334B60AE26BB48D4008ECE02 /* wrappedaf.framework */,
				7AEFA21FE7182828AD85F953 /* libPods-ios-sample.a */,
			);
			name = Frameworks;
			sourceTree = "<group>";
		};
/* End PBXGroup section */

/* Begin PBXNativeTarget section */
		3310ECA72368ADFA00FEB32F /* ios-sample */ = {
			isa = PBXNativeTarget;
			buildConfigurationList = 3310ECBC2368ADFB00FEB32F /* Build configuration list for PBXNativeTarget "ios-sample" */;
			buildPhases = (
				18870E469C91B05AFAF42550 /* [CP] Check Pods Manifest.lock */,
				3310ECA42368ADFA00FEB32F /* Sources */,
				3310ECA52368ADFA00FEB32F /* Frameworks */,
				3310ECA62368ADFA00FEB32F /* Resources */,
				334B60E326BCCB7C008ECE02 /* Embed Frameworks */,
			);
			buildRules = (
			);
			dependencies = (
			);
			name = "ios-sample";
			productName = "ios-sample";
			productReference = 3310ECA82368ADFA00FEB32F /* ios-sample.app */;
			productType = "com.apple.product-type.application";
		};
/* End PBXNativeTarget section */

/* Begin PBXProject section */
		3310ECA02368ADFA00FEB32F /* Project object */ = {
			isa = PBXProject;
			attributes = {
				LastSwiftUpdateCheck = 1110;
				LastUpgradeCheck = 1110;
				ORGANIZATIONNAME = Mark;
				TargetAttributes = {
					3310ECA72368ADFA00FEB32F = {
						CreatedOnToolsVersion = 11.1;
					};
				};
			};
			buildConfigurationList = 3310ECA32368ADFA00FEB32F /* Build configuration list for PBXProject "ios-sample" */;
			compatibilityVersion = "Xcode 9.3";
			developmentRegion = en;
			hasScannedForEncodings = 0;
			knownRegions = (
				en,
				Base,
			);
			mainGroup = 3310EC9F2368ADFA00FEB32F;
			productRefGroup = 3310ECA92368ADFA00FEB32F /* Products */;
			projectDirPath = "";
			projectRoot = "";
			targets = (
				3310ECA72368ADFA00FEB32F /* ios-sample */,
			);
		};
/* End PBXProject section */

/* Begin PBXResourcesBuildPhase section */
		3310ECA62368ADFA00FEB32F /* Resources */ = {
			isa = PBXResourcesBuildPhase;
			buildActionMask = 2147483647;
			files = (
				3310ECB82368ADFB00FEB32F /* LaunchScreen.storyboard in Resources */,
				3310ECB52368ADFB00FEB32F /* Preview Assets.xcassets in Resources */,
				3310ECB22368ADFB00FEB32F /* Assets.xcassets in Resources */,
			);
			runOnlyForDeploymentPostprocessing = 0;
		};
/* End PBXResourcesBuildPhase section */

/* Begin PBXShellScriptBuildPhase section */
		18870E469C91B05AFAF42550 /* [CP] Check Pods Manifest.lock */ = {
			isa = PBXShellScriptBuildPhase;
			buildActionMask = 2147483647;
			files = (
			);
			inputFileListPaths = (
			);
			inputPaths = (
				"${PODS_PODFILE_DIR_PATH}/Podfile.lock",
				"${PODS_ROOT}/Manifest.lock",
			);
			name = "[CP] Check Pods Manifest.lock";
			outputFileListPaths = (
			);
			outputPaths = (
				"$(DERIVED_FILE_DIR)/Pods-ios-sample-checkManifestLockResult.txt",
			);
			runOnlyForDeploymentPostprocessing = 0;
			shellPath = /bin/sh;
			shellScript = "diff \"${PODS_PODFILE_DIR_PATH}/Podfile.lock\" \"${PODS_ROOT}/Manifest.lock\" > /dev/null\nif [ $? != 0 ] ; then\n    # print error to STDERR\n    echo \"error: The sandbox is not in sync with the Podfile.lock. Run 'pod install' or update your CocoaPods installation.\" >&2\n    exit 1\nfi\n# This output is used by Xcode 'outputs' to avoid re-running this script phase.\necho \"SUCCESS\" > \"${SCRIPT_OUTPUT_FILE_0}\"\n";
			showEnvVarsInLog = 0;
		};
/* End PBXShellScriptBuildPhase section */

/* Begin PBXSourcesBuildPhase section */
		3310ECA42368ADFA00FEB32F /* Sources */ = {
			isa = PBXSourcesBuildPhase;
			buildActionMask = 2147483647;
			files = (
				335968CC2632093E0004EADF /* mydelegate.swift in Sources */,
				3310ECAC2368ADFA00FEB32F /* AppDelegate.swift in Sources */,
				3310ECAE2368ADFA00FEB32F /* SceneDelegate.swift in Sources */,
				3310ECB02368ADFA00FEB32F /* ContentView.swift in Sources */,
			);
			runOnlyForDeploymentPostprocessing = 0;
		};
/* End PBXSourcesBuildPhase section */

/* Begin PBXVariantGroup section */
		3310ECB62368ADFB00FEB32F /* LaunchScreen.storyboard */ = {
			isa = PBXVariantGroup;
			children = (
				3310ECB72368ADFB00FEB32F /* Base */,
			);
			name = LaunchScreen.storyboard;
			sourceTree = "<group>";
		};
/* End PBXVariantGroup section */

/* Begin XCBuildConfiguration section */
		3310ECBA2368ADFB00FEB32F /* Debug */ = {
			isa = XCBuildConfiguration;
			buildSettings = {
				ALWAYS_SEARCH_USER_PATHS = NO;
				CLANG_ANALYZER_NONNULL = YES;
				CLANG_ANALYZER_NUMBER_OBJECT_CONVERSION = YES_AGGRESSIVE;
				CLANG_CXX_LANGUAGE_STANDARD = "gnu++14";
				CLANG_CXX_LIBRARY = "libc++";
				CLANG_ENABLE_MODULES = YES;
				CLANG_ENABLE_OBJC_ARC = YES;
				CLANG_ENABLE_OBJC_WEAK = YES;
				CLANG_WARN_BLOCK_CAPTURE_AUTORELEASING = YES;
				CLANG_WARN_BOOL_CONVERSION = YES;
				CLANG_WARN_COMMA = YES;
				CLANG_WARN_CONSTANT_CONVERSION = YES;
				CLANG_WARN_DEPRECATED_OBJC_IMPLEMENTATIONS = YES;
				CLANG_WARN_DIRECT_OBJC_ISA_USAGE = YES_ERROR;
				CLANG_WARN_DOCUMENTATION_COMMENTS = YES;
				CLANG_WARN_EMPTY_BODY = YES;
				CLANG_WARN_ENUM_CONVERSION = YES;
				CLANG_WARN_INFINITE_RECURSION = YES;
				CLANG_WARN_INT_CONVERSION = YES;
				CLANG_WARN_NON_LITERAL_NULL_CONVERSION = YES;
				CLANG_WARN_OBJC_IMPLICIT_RETAIN_SELF = YES;
				CLANG_WARN_OBJC_LITERAL_CONVERSION = YES;
				CLANG_WARN_OBJC_ROOT_CLASS = YES_ERROR;
				CLANG_WARN_RANGE_LOOP_ANALYSIS = YES;
				CLANG_WARN_STRICT_PROTOTYPES = YES;
				CLANG_WARN_SUSPICIOUS_MOVE = YES;
				CLANG_WARN_UNGUARDED_AVAILABILITY = YES_AGGRESSIVE;
				CLANG_WARN_UNREACHABLE_CODE = YES;
				CLANG_WARN__DUPLICATE_METHOD_MATCH = YES;
				COPY_PHASE_STRIP = NO;
				DEBUG_INFORMATION_FORMAT = dwarf;
				ENABLE_STRICT_OBJC_MSGSEND = YES;
				ENABLE_TESTABILITY = YES;
				GCC_C_LANGUAGE_STANDARD = gnu11;
				GCC_DYNAMIC_NO_PIC = NO;
				GCC_NO_COMMON_BLOCKS = YES;
				GCC_OPTIMIZATION_LEVEL = 0;
				GCC_PREPROCESSOR_DEFINITIONS = (
					"DEBUG=1",
					"$(inherited)",
				);
				GCC_WARN_64_TO_32_BIT_CONVERSION = YES;
				GCC_WARN_ABOUT_RETURN_TYPE = YES_ERROR;
				GCC_WARN_UNDECLARED_SELECTOR = YES;
				GCC_WARN_UNINITIALIZED_AUTOS = YES_AGGRESSIVE;
				GCC_WARN_UNUSED_FUNCTION = YES;
				GCC_WARN_UNUSED_VARIABLE = YES;
				IPHONEOS_DEPLOYMENT_TARGET = 13.1;
				MTL_ENABLE_DEBUG_INFO = INCLUDE_SOURCE;
				MTL_FAST_MATH = YES;
				ONLY_ACTIVE_ARCH = YES;
				SDKROOT = iphoneos;
				SWIFT_ACTIVE_COMPILATION_CONDITIONS = DEBUG;
				SWIFT_OPTIMIZATION_LEVEL = "-Onone";
			};
			name = Debug;
		};
		3310ECBB2368ADFB00FEB32F /* Release */ = {
			isa = XCBuildConfiguration;
			buildSettings = {
				ALWAYS_SEARCH_USER_PATHS = NO;
				CLANG_ANALYZER_NONNULL = YES;
				CLANG_ANALYZER_NUMBER_OBJECT_CONVERSION = YES_AGGRESSIVE;
				CLANG_CXX_LANGUAGE_STANDARD = "gnu++14";
				CLANG_CXX_LIBRARY = "libc++";
				CLANG_ENABLE_MODULES = YES;
				CLANG_ENABLE_OBJC_ARC = YES;
				CLANG_ENABLE_OBJC_WEAK = YES;
				CLANG_WARN_BLOCK_CAPTURE_AUTORELEASING = YES;
				CLANG_WARN_BOOL_CONVERSION = YES;
				CLANG_WARN_COMMA = YES;
				CLANG_WARN_CONSTANT_CONVERSION = YES;
				CLANG_WARN_DEPRECATED_OBJC_IMPLEMENTATIONS = YES;
				CLANG_WARN_DIRECT_OBJC_ISA_USAGE = YES_ERROR;
				CLANG_WARN_DOCUMENTATION_COMMENTS = YES;
				CLANG_WARN_EMPTY_BODY = YES;
				CLANG_WARN_ENUM_CONVERSION = YES;
				CLANG_WARN_INFINITE_RECURSION = YES;
				CLANG_WARN_INT_CONVERSION = YES;
				CLANG_WARN_NON_LITERAL_NULL_CONVERSION = YES;
				CLANG_WARN_OBJC_IMPLICIT_RETAIN_SELF = YES;
				CLANG_WARN_OBJC_LITERAL_CONVERSION = YES;
				CLANG_WARN_OBJC_ROOT_CLASS = YES_ERROR;
				CLANG_WARN_RANGE_LOOP_ANALYSIS = YES;
				CLANG_WARN_STRICT_PROTOTYPES = YES;
				CLANG_WARN_SUSPICIOUS_MOVE = YES;
				CLANG_WARN_UNGUARDED_AVAILABILITY = YES_AGGRESSIVE;
				CLANG_WARN_UNREACHABLE_CODE = YES;
				CLANG_WARN__DUPLICATE_METHOD_MATCH = YES;
				COPY_PHASE_STRIP = NO;
				DEBUG_INFORMATION_FORMAT = "dwarf-with-dsym";
				ENABLE_NS_ASSERTIONS = NO;
				ENABLE_STRICT_OBJC_MSGSEND = YES;
				GCC_C_LANGUAGE_STANDARD = gnu11;
				GCC_NO_COMMON_BLOCKS = YES;
				GCC_WARN_64_TO_32_BIT_CONVERSION = YES;
				GCC_WARN_ABOUT_RETURN_TYPE = YES_ERROR;
				GCC_WARN_UNDECLARED_SELECTOR = YES;
				GCC_WARN_UNINITIALIZED_AUTOS = YES_AGGRESSIVE;
				GCC_WARN_UNUSED_FUNCTION = YES;
				GCC_WARN_UNUSED_VARIABLE = YES;
				IPHONEOS_DEPLOYMENT_TARGET = 13.1;
				MTL_ENABLE_DEBUG_INFO = NO;
				MTL_FAST_MATH = YES;
				SDKROOT = iphoneos;
				SWIFT_COMPILATION_MODE = wholemodule;
				SWIFT_OPTIMIZATION_LEVEL = "-O";
				VALIDATE_PRODUCT = YES;
			};
			name = Release;
		};
		3310ECBD2368ADFB00FEB32F /* Debug */ = {
			isa = XCBuildConfiguration;
			baseConfigurationReference = 0B9A34765E8298FD0B83DC4B /* Pods-ios-sample.debug.xcconfig */;
			buildSettings = {
				ASSETCATALOG_COMPILER_APPICON_NAME = AppIcon;
				CODE_SIGN_ENTITLEMENTS = "ios-sample/ios-sample.entitlements";
				CODE_SIGN_STYLE = Automatic;
				DEVELOPMENT_ASSET_PATHS = "\"ios-sample/Preview Content\"";
				DEVELOPMENT_TEAM = 5H9QMETUU8;
				ENABLE_PREVIEWS = YES;
				INFOPLIST_FILE = "ios-sample/Info.plist";
				IPHONEOS_DEPLOYMENT_TARGET = 13.0;
				LD_RUNPATH_SEARCH_PATHS = (
					"$(inherited)",
					"@executable_path/Frameworks",
				);
				PRODUCT_BUNDLE_IDENTIFIER = "com.mark.ios-sample";
				PRODUCT_NAME = "$(TARGET_NAME)";
				SWIFT_VERSION = 5.0;
				TARGETED_DEVICE_FAMILY = "1,2";
			};
			name = Debug;
		};
		3310ECBE2368ADFB00FEB32F /* Release */ = {
			isa = XCBuildConfiguration;
			baseConfigurationReference = 7E2355465498A61217484400 /* Pods-ios-sample.release.xcconfig */;
			buildSettings = {
				ASSETCATALOG_COMPILER_APPICON_NAME = AppIcon;
				CODE_SIGN_ENTITLEMENTS = "ios-sample/ios-sample.entitlements";
				CODE_SIGN_STYLE = Automatic;
				DEVELOPMENT_ASSET_PATHS = "\"ios-sample/Preview Content\"";
				DEVELOPMENT_TEAM = 5H9QMETUU8;
				ENABLE_PREVIEWS = YES;
				INFOPLIST_FILE = "ios-sample/Info.plist";
				IPHONEOS_DEPLOYMENT_TARGET = 13.0;
				LD_RUNPATH_SEARCH_PATHS = (
					"$(inherited)",
					"@executable_path/Frameworks",
				);
				PRODUCT_BUNDLE_IDENTIFIER = "com.mark.ios-sample";
				PRODUCT_NAME = "$(TARGET_NAME)";
				SWIFT_VERSION = 5.0;
				TARGETED_DEVICE_FAMILY = "1,2";
			};
			name = Release;
		};
/* End XCBuildConfiguration section */

/* Begin XCConfigurationList section */
		3310ECA32368ADFA00FEB32F /* Build configuration list for PBXProject "ios-sample" */ = {
			isa = XCConfigurationList;
			buildConfigurations = (
				3310ECBA2368ADFB00FEB32F /* Debug */,
				3310ECBB2368ADFB00FEB32F /* Release */,
			);
			defaultConfigurationIsVisible = 0;
			defaultConfigurationName = Release;
		};
		3310ECBC2368ADFB00FEB32F /* Build configuration list for PBXNativeTarget "ios-sample" */ = {
			isa = XCConfigurationList;
			buildConfigurations = (
				3310ECBD2368ADFB00FEB32F /* Debug */,
				3310ECBE2368ADFB00FEB32F /* Release */,
			);
			defaultConfigurationIsVisible = 0;
			defaultConfigurationName = Release;
		};
/* End XCConfigurationList section */
	};
	rootObject = 3310ECA02368ADFA00FEB32F /* Project object */;
}
