// !$*UTF8*$!
{
	archiveVersion = 1;
	classes = {
	};
	objectVersion = 50;
	objects = {

/* Begin PBXBuildFile section */
		3396F73D251AA81B0041D0F2 /* AppDelegate.m in Sources */ = {isa = PBXBuildFile; fileRef = 3396F73C251AA81B0041D0F2 /* AppDelegate.m */; };
		3396F740251AA81B0041D0F2 /* SceneDelegate.m in Sources */ = {isa = PBXBuildFile; fileRef = 3396F73F251AA81B0041D0F2 /* SceneDelegate.m */; };
		3396F743251AA81B0041D0F2 /* ViewController.m in Sources */ = {isa = PBXBuildFile; fileRef = 3396F742251AA81B0041D0F2 /* ViewController.m */; };
		3396F746251AA81B0041D0F2 /* Main.storyboard in Resources */ = {isa = PBXBuildFile; fileRef = 3396F744251AA81B0041D0F2 /* Main.storyboard */; };
		3396F748251AA81D0041D0F2 /* Assets.xcassets in Resources */ = {isa = PBXBuildFile; fileRef = 3396F747251AA81D0041D0F2 /* Assets.xcassets */; };
		3396F74B251AA81D0041D0F2 /* LaunchScreen.storyboard in Resources */ = {isa = PBXBuildFile; fileRef = 3396F749251AA81D0041D0F2 /* LaunchScreen.storyboard */; };
		3396F74E251AA81D0041D0F2 /* main.m in Sources */ = {isa = PBXBuildFile; fileRef = 3396F74D251AA81D0041D0F2 /* main.m */; };
		5553F3CAFE9F57ACAED88EFB /* libPods-objctest.a in Frameworks */ = {isa = PBXBuildFile; fileRef = AC435738F2BD8EE387CE733F /* libPods-objctest.a */; };
/* End PBXBuildFile section */

/* Begin PBXFileReference section */
		3396F738251AA81B0041D0F2 /* objctest.app */ = {isa = PBXFileReference; explicitFileType = wrapper.application; includeInIndex = 0; path = objctest.app; sourceTree = BUILT_PRODUCTS_DIR; };
		3396F73B251AA81B0041D0F2 /* AppDelegate.h */ = {isa = PBXFileReference; lastKnownFileType = sourcecode.c.h; path = AppDelegate.h; sourceTree = "<group>"; };
		3396F73C251AA81B0041D0F2 /* AppDelegate.m */ = {isa = PBXFileReference; lastKnownFileType = sourcecode.c.objc; path = AppDelegate.m; sourceTree = "<group>"; };
		3396F73E251AA81B0041D0F2 /* SceneDelegate.h */ = {isa = PBXFileReference; lastKnownFileType = sourcecode.c.h; path = SceneDelegate.h; sourceTree = "<group>"; };
		3396F73F251AA81B0041D0F2 /* SceneDelegate.m */ = {isa = PBXFileReference; lastKnownFileType = sourcecode.c.objc; path = SceneDelegate.m; sourceTree = "<group>"; };
		3396F741251AA81B0041D0F2 /* ViewController.h */ = {isa = PBXFileReference; lastKnownFileType = sourcecode.c.h; path = ViewController.h; sourceTree = "<group>"; };
		3396F742251AA81B0041D0F2 /* ViewController.m */ = {isa = PBXFileReference; lastKnownFileType = sourcecode.c.objc; path = ViewController.m; sourceTree = "<group>"; };
		3396F745251AA81B0041D0F2 /* Base */ = {isa = PBXFileReference; lastKnownFileType = file.storyboard; name = Base; path = Base.lproj/Main.storyboard; sourceTree = "<group>"; };
		3396F747251AA81D0041D0F2 /* Assets.xcassets */ = {isa = PBXFileReference; lastKnownFileType = folder.assetcatalog; path = Assets.xcassets; sourceTree = "<group>"; };
		3396F74A251AA81D0041D0F2 /* Base */ = {isa = PBXFileReference; lastKnownFileType = file.storyboard; name = Base; path = Base.lproj/LaunchScreen.storyboard; sourceTree = "<group>"; };
		3396F74C251AA81D0041D0F2 /* Info.plist */ = {isa = PBXFileReference; lastKnownFileType = text.plist.xml; path = Info.plist; sourceTree = "<group>"; };
		3396F74D251AA81D0041D0F2 /* main.m */ = {isa = PBXFileReference; lastKnownFileType = sourcecode.c.objc; path = main.m; sourceTree = "<group>"; };
		578E63B6E516CF747680D1F7 /* Pods-objctest.release.xcconfig */ = {isa = PBXFileReference; includeInIndex = 1; lastKnownFileType = text.xcconfig; name = "Pods-objctest.release.xcconfig"; path = "Target Support Files/Pods-objctest/Pods-objctest.release.xcconfig"; sourceTree = "<group>"; };
		AC435738F2BD8EE387CE733F /* libPods-objctest.a */ = {isa = PBXFileReference; explicitFileType = archive.ar; includeInIndex = 0; path = "libPods-objctest.a"; sourceTree = BUILT_PRODUCTS_DIR; };
		B4988536281246050B1D0DC5 /* Pods-objctest.debug.xcconfig */ = {isa = PBXFileReference; includeInIndex = 1; lastKnownFileType = text.xcconfig; name = "Pods-objctest.debug.xcconfig"; path = "Target Support Files/Pods-objctest/Pods-objctest.debug.xcconfig"; sourceTree = "<group>"; };
/* End PBXFileReference section */

/* Begin PBXFrameworksBuildPhase section */
		3396F735251AA81B0041D0F2 /* Frameworks */ = {
			isa = PBXFrameworksBuildPhase;
			buildActionMask = 2147483647;
			files = (
				5553F3CAFE9F57ACAED88EFB /* libPods-objctest.a in Frameworks */,
			);
			runOnlyForDeploymentPostprocessing = 0;
		};
/* End PBXFrameworksBuildPhase section */

/* Begin PBXGroup section */
		3396F72F251AA81A0041D0F2 = {
			isa = PBXGroup;
			children = (
				3396F73A251AA81B0041D0F2 /* objctest */,
				3396F739251AA81B0041D0F2 /* Products */,
				A8D541C622482E88268CC257 /* Pods */,
				9B60AD729A6EA5FEED450C68 /* Frameworks */,
			);
			sourceTree = "<group>";
		};
		3396F739251AA81B0041D0F2 /* Products */ = {
			isa = PBXGroup;
			children = (
				3396F738251AA81B0041D0F2 /* objctest.app */,
			);
			name = Products;
			sourceTree = "<group>";
		};
		3396F73A251AA81B0041D0F2 /* objctest */ = {
			isa = PBXGroup;
			children = (
				3396F73B251AA81B0041D0F2 /* AppDelegate.h */,
				3396F73C251AA81B0041D0F2 /* AppDelegate.m */,
				3396F73E251AA81B0041D0F2 /* SceneDelegate.h */,
				3396F73F251AA81B0041D0F2 /* SceneDelegate.m */,
				3396F741251AA81B0041D0F2 /* ViewController.h */,
				3396F742251AA81B0041D0F2 /* ViewController.m */,
				3396F744251AA81B0041D0F2 /* Main.storyboard */,
				3396F747251AA81D0041D0F2 /* Assets.xcassets */,
				3396F749251AA81D0041D0F2 /* LaunchScreen.storyboard */,
				3396F74C251AA81D0041D0F2 /* Info.plist */,
				3396F74D251AA81D0041D0F2 /* main.m */,
			);
			path = objctest;
			sourceTree = "<group>";
		};
		9B60AD729A6EA5FEED450C68 /* Frameworks */ = {
			isa = PBXGroup;
			children = (
				AC435738F2BD8EE387CE733F /* libPods-objctest.a */,
			);
			name = Frameworks;
			sourceTree = "<group>";
		};
		A8D541C622482E88268CC257 /* Pods */ = {
			isa = PBXGroup;
			children = (
				B4988536281246050B1D0DC5 /* Pods-objctest.debug.xcconfig */,
				578E63B6E516CF747680D1F7 /* Pods-objctest.release.xcconfig */,
			);
			name = Pods;
			path = Pods;
			sourceTree = "<group>";
		};
/* End PBXGroup section */

/* Begin PBXNativeTarget section */
		3396F737251AA81B0041D0F2 /* objctest */ = {
			isa = PBXNativeTarget;
			buildConfigurationList = 3396F751251AA81D0041D0F2 /* Build configuration list for PBXNativeTarget "objctest" */;
			buildPhases = (
				E1297CE23A1688A9D75116B9 /* [CP] Check Pods Manifest.lock */,
				3396F734251AA81B0041D0F2 /* Sources */,
				3396F735251AA81B0041D0F2 /* Frameworks */,
				3396F736251AA81B0041D0F2 /* Resources */,
			);
			buildRules = (
			);
			dependencies = (
			);
			name = objctest;
			productName = objctest;
			productReference = 3396F738251AA81B0041D0F2 /* objctest.app */;
			productType = "com.apple.product-type.application";
		};
/* End PBXNativeTarget section */

/* Begin PBXProject section */
		3396F730251AA81A0041D0F2 /* Project object */ = {
			isa = PBXProject;
			attributes = {
				LastUpgradeCheck = 1200;
				TargetAttributes = {
					3396F737251AA81B0041D0F2 = {
						CreatedOnToolsVersion = 12.0;
					};
				};
			};
			buildConfigurationList = 3396F733251AA81A0041D0F2 /* Build configuration list for PBXProject "objctest" */;
			compatibilityVersion = "Xcode 9.3";
			developmentRegion = en;
			hasScannedForEncodings = 0;
			knownRegions = (
				en,
				Base,
			);
			mainGroup = 3396F72F251AA81A0041D0F2;
			productRefGroup = 3396F739251AA81B0041D0F2 /* Products */;
			projectDirPath = "";
			projectRoot = "";
			targets = (
				3396F737251AA81B0041D0F2 /* objctest */,
			);
		};
/* End PBXProject section */

/* Begin PBXResourcesBuildPhase section */
		3396F736251AA81B0041D0F2 /* Resources */ = {
			isa = PBXResourcesBuildPhase;
			buildActionMask = 2147483647;
			files = (
				3396F74B251AA81D0041D0F2 /* LaunchScreen.storyboard in Resources */,
				3396F748251AA81D0041D0F2 /* Assets.xcassets in Resources */,
				3396F746251AA81B0041D0F2 /* Main.storyboard in Resources */,
			);
			runOnlyForDeploymentPostprocessing = 0;
		};
/* End PBXResourcesBuildPhase section */

/* Begin PBXShellScriptBuildPhase section */
		E1297CE23A1688A9D75116B9 /* [CP] Check Pods Manifest.lock */ = {
			isa = PBXShellScriptBuildPhase;
			buildActionMask = 2147483647;
			files = (
			);
			inputFileListPaths = (
			);
			inputPaths = (
				"${PODS_PODFILE_DIR_PATH}/Podfile.lock",
				"${PODS_ROOT}/Manifest.lock",
			);
			name = "[CP] Check Pods Manifest.lock";
			outputFileListPaths = (
			);
			outputPaths = (
				"$(DERIVED_FILE_DIR)/Pods-objctest-checkManifestLockResult.txt",
			);
			runOnlyForDeploymentPostprocessing = 0;
			shellPath = /bin/sh;
			shellScript = "diff \"${PODS_PODFILE_DIR_PATH}/Podfile.lock\" \"${PODS_ROOT}/Manifest.lock\" > /dev/null\nif [ $? != 0 ] ; then\n    # print error to STDERR\n    echo \"error: The sandbox is not in sync with the Podfile.lock. Run 'pod install' or update your CocoaPods installation.\" >&2\n    exit 1\nfi\n# This output is used by Xcode 'outputs' to avoid re-running this script phase.\necho \"SUCCESS\" > \"${SCRIPT_OUTPUT_FILE_0}\"\n";
			showEnvVarsInLog = 0;
		};
/* End PBXShellScriptBuildPhase section */

/* Begin PBXSourcesBuildPhase section */
		3396F734251AA81B0041D0F2 /* Sources */ = {
			isa = PBXSourcesBuildPhase;
			buildActionMask = 2147483647;
			files = (
				3396F743251AA81B0041D0F2 /* ViewController.m in Sources */,
				3396F73D251AA81B0041D0F2 /* AppDelegate.m in Sources */,
				3396F74E251AA81D0041D0F2 /* main.m in Sources */,
				3396F740251AA81B0041D0F2 /* SceneDelegate.m in Sources */,
			);
			runOnlyForDeploymentPostprocessing = 0;
		};
/* End PBXSourcesBuildPhase section */

/* Begin PBXVariantGroup section */
		3396F744251AA81B0041D0F2 /* Main.storyboard */ = {
			isa = PBXVariantGroup;
			children = (
				3396F745251AA81B0041D0F2 /* Base */,
			);
			name = Main.storyboard;
			sourceTree = "<group>";
		};
		3396F749251AA81D0041D0F2 /* LaunchScreen.storyboard */ = {
			isa = PBXVariantGroup;
			children = (
				3396F74A251AA81D0041D0F2 /* Base */,
			);
			name = LaunchScreen.storyboard;
			sourceTree = "<group>";
		};
/* End PBXVariantGroup section */

/* Begin XCBuildConfiguration section */
		3396F74F251AA81D0041D0F2 /* Debug */ = {
			isa = XCBuildConfiguration;
			buildSettings = {
				ALWAYS_SEARCH_USER_PATHS = NO;
				CLANG_ANALYZER_NONNULL = YES;
				CLANG_ANALYZER_NUMBER_OBJECT_CONVERSION = YES_AGGRESSIVE;
				CLANG_CXX_LANGUAGE_STANDARD = "gnu++14";
				CLANG_CXX_LIBRARY = "libc++";
				CLANG_ENABLE_MODULES = YES;
				CLANG_ENABLE_OBJC_ARC = YES;
				CLANG_ENABLE_OBJC_WEAK = YES;
				CLANG_WARN_BLOCK_CAPTURE_AUTORELEASING = YES;
				CLANG_WARN_BOOL_CONVERSION = YES;
				CLANG_WARN_COMMA = YES;
				CLANG_WARN_CONSTANT_CONVERSION = YES;
				CLANG_WARN_DEPRECATED_OBJC_IMPLEMENTATIONS = YES;
				CLANG_WARN_DIRECT_OBJC_ISA_USAGE = YES_ERROR;
				CLANG_WARN_DOCUMENTATION_COMMENTS = YES;
				CLANG_WARN_EMPTY_BODY = YES;
				CLANG_WARN_ENUM_CONVERSION = YES;
				CLANG_WARN_INFINITE_RECURSION = YES;
				CLANG_WARN_INT_CONVERSION = YES;
				CLANG_WARN_NON_LITERAL_NULL_CONVERSION = YES;
				CLANG_WARN_OBJC_IMPLICIT_RETAIN_SELF = YES;
				CLANG_WARN_OBJC_LITERAL_CONVERSION = YES;
				CLANG_WARN_OBJC_ROOT_CLASS = YES_ERROR;
				CLANG_WARN_QUOTED_INCLUDE_IN_FRAMEWORK_HEADER = YES;
				CLANG_WARN_RANGE_LOOP_ANALYSIS = YES;
				CLANG_WARN_STRICT_PROTOTYPES = YES;
				CLANG_WARN_SUSPICIOUS_MOVE = YES;
				CLANG_WARN_UNGUARDED_AVAILABILITY = YES_AGGRESSIVE;
				CLANG_WARN_UNREACHABLE_CODE = YES;
				CLANG_WARN__DUPLICATE_METHOD_MATCH = YES;
				COPY_PHASE_STRIP = NO;
				DEBUG_INFORMATION_FORMAT = dwarf;
				ENABLE_STRICT_OBJC_MSGSEND = YES;
				ENABLE_TESTABILITY = YES;
				GCC_C_LANGUAGE_STANDARD = gnu11;
				GCC_DYNAMIC_NO_PIC = NO;
				GCC_NO_COMMON_BLOCKS = YES;
				GCC_OPTIMIZATION_LEVEL = 0;
				GCC_PREPROCESSOR_DEFINITIONS = (
					"DEBUG=1",
					"$(inherited)",
				);
				GCC_WARN_64_TO_32_BIT_CONVERSION = YES;
				GCC_WARN_ABOUT_RETURN_TYPE = YES_ERROR;
				GCC_WARN_UNDECLARED_SELECTOR = YES;
				GCC_WARN_UNINITIALIZED_AUTOS = YES_AGGRESSIVE;
				GCC_WARN_UNUSED_FUNCTION = YES;
				GCC_WARN_UNUSED_VARIABLE = YES;
				IPHONEOS_DEPLOYMENT_TARGET = 13.5;
				MTL_ENABLE_DEBUG_INFO = INCLUDE_SOURCE;
				MTL_FAST_MATH = YES;
				ONLY_ACTIVE_ARCH = YES;
				SDKROOT = iphoneos;
			};
			name = Debug;
		};
		3396F750251AA81D0041D0F2 /* Release */ = {
			isa = XCBuildConfiguration;
			buildSettings = {
				ALWAYS_SEARCH_USER_PATHS = NO;
				CLANG_ANALYZER_NONNULL = YES;
				CLANG_ANALYZER_NUMBER_OBJECT_CONVERSION = YES_AGGRESSIVE;
				CLANG_CXX_LANGUAGE_STANDARD = "gnu++14";
				CLANG_CXX_LIBRARY = "libc++";
				CLANG_ENABLE_MODULES = YES;
				CLANG_ENABLE_OBJC_ARC = YES;
				CLANG_ENABLE_OBJC_WEAK = YES;
				CLANG_WARN_BLOCK_CAPTURE_AUTORELEASING = YES;
				CLANG_WARN_BOOL_CONVERSION = YES;
				CLANG_WARN_COMMA = YES;
				CLANG_WARN_CONSTANT_CONVERSION = YES;
				CLANG_WARN_DEPRECATED_OBJC_IMPLEMENTATIONS = YES;
				CLANG_WARN_DIRECT_OBJC_ISA_USAGE = YES_ERROR;
				CLANG_WARN_DOCUMENTATION_COMMENTS = YES;
				CLANG_WARN_EMPTY_BODY = YES;
				CLANG_WARN_ENUM_CONVERSION = YES;
				CLANG_WARN_INFINITE_RECURSION = YES;
				CLANG_WARN_INT_CONVERSION = YES;
				CLANG_WARN_NON_LITERAL_NULL_CONVERSION = YES;
				CLANG_WARN_OBJC_IMPLICIT_RETAIN_SELF = YES;
				CLANG_WARN_OBJC_LITERAL_CONVERSION = YES;
				CLANG_WARN_OBJC_ROOT_CLASS = YES_ERROR;
				CLANG_WARN_QUOTED_INCLUDE_IN_FRAMEWORK_HEADER = YES;
				CLANG_WARN_RANGE_LOOP_ANALYSIS = YES;
				CLANG_WARN_STRICT_PROTOTYPES = YES;
				CLANG_WARN_SUSPICIOUS_MOVE = YES;
				CLANG_WARN_UNGUARDED_AVAILABILITY = YES_AGGRESSIVE;
				CLANG_WARN_UNREACHABLE_CODE = YES;
				CLANG_WARN__DUPLICATE_METHOD_MATCH = YES;
				COPY_PHASE_STRIP = NO;
				DEBUG_INFORMATION_FORMAT = "dwarf-with-dsym";
				ENABLE_NS_ASSERTIONS = NO;
				ENABLE_STRICT_OBJC_MSGSEND = YES;
				GCC_C_LANGUAGE_STANDARD = gnu11;
				GCC_NO_COMMON_BLOCKS = YES;
				GCC_WARN_64_TO_32_BIT_CONVERSION = YES;
				GCC_WARN_ABOUT_RETURN_TYPE = YES_ERROR;
				GCC_WARN_UNDECLARED_SELECTOR = YES;
				GCC_WARN_UNINITIALIZED_AUTOS = YES_AGGRESSIVE;
				GCC_WARN_UNUSED_FUNCTION = YES;
				GCC_WARN_UNUSED_VARIABLE = YES;
				IPHONEOS_DEPLOYMENT_TARGET = 13.5;
				MTL_ENABLE_DEBUG_INFO = NO;
				MTL_FAST_MATH = YES;
				SDKROOT = iphoneos;
				VALIDATE_PRODUCT = YES;
			};
			name = Release;
		};
		3396F752251AA81D0041D0F2 /* Debug */ = {
			isa = XCBuildConfiguration;
			baseConfigurationReference = B4988536281246050B1D0DC5 /* Pods-objctest.debug.xcconfig */;
			buildSettings = {
				ASSETCATALOG_COMPILER_APPICON_NAME = AppIcon;
				ASSETCATALOG_COMPILER_GLOBAL_ACCENT_COLOR_NAME = AccentColor;
				CODE_SIGN_STYLE = Automatic;
				DEVELOPMENT_TEAM = 5H9QMETUU8;
				INFOPLIST_FILE = objctest/Info.plist;
				LD_RUNPATH_SEARCH_PATHS = (
					"$(inherited)",
					"@executable_path/Frameworks",
				);
				PRODUCT_BUNDLE_IDENTIFIER = com.mark.objctest;
				PRODUCT_NAME = "$(TARGET_NAME)";
				TARGETED_DEVICE_FAMILY = "1,2";
			};
			name = Debug;
		};
		3396F753251AA81D0041D0F2 /* Release */ = {
			isa = XCBuildConfiguration;
			baseConfigurationReference = 578E63B6E516CF747680D1F7 /* Pods-objctest.release.xcconfig */;
			buildSettings = {
				ASSETCATALOG_COMPILER_APPICON_NAME = AppIcon;
				ASSETCATALOG_COMPILER_GLOBAL_ACCENT_COLOR_NAME = AccentColor;
				CODE_SIGN_STYLE = Automatic;
				DEVELOPMENT_TEAM = 5H9QMETUU8;
				INFOPLIST_FILE = objctest/Info.plist;
				LD_RUNPATH_SEARCH_PATHS = (
					"$(inherited)",
					"@executable_path/Frameworks",
				);
				PRODUCT_BUNDLE_IDENTIFIER = com.mark.objctest;
				PRODUCT_NAME = "$(TARGET_NAME)";
				TARGETED_DEVICE_FAMILY = "1,2";
			};
			name = Release;
		};
/* End XCBuildConfiguration section */

/* Begin XCConfigurationList section */
		3396F733251AA81A0041D0F2 /* Build configuration list for PBXProject "objctest" */ = {
			isa = XCConfigurationList;
			buildConfigurations = (
				3396F74F251AA81D0041D0F2 /* Debug */,
				3396F750251AA81D0041D0F2 /* Release */,
			);
			defaultConfigurationIsVisible = 0;
			defaultConfigurationName = Release;
		};
		3396F751251AA81D0041D0F2 /* Build configuration list for PBXNativeTarget "objctest" */ = {
			isa = XCConfigurationList;
			buildConfigurations = (
				3396F752251AA81D0041D0F2 /* Debug */,
				3396F753251AA81D0041D0F2 /* Release */,
			);
			defaultConfigurationIsVisible = 0;
			defaultConfigurationName = Release;
		};
/* End XCConfigurationList section */
	};
	rootObject = 3396F730251AA81A0041D0F2 /* Project object */;
}
