// !$*UTF8*$!
{
	archiveVersion = 1;
	classes = {
	};
	objectVersion = 50;
	objects = {

/* Begin PBXBuildFile section */
		33D85F9D24070E67000615A3 /* AppDelegate.m in Sources */ = {isa = PBXBuildFile; fileRef = 33D85F9C24070E67000615A3 /* AppDelegate.m */; };
		33D85FA324070E67000615A3 /* ViewController.m in Sources */ = {isa = PBXBuildFile; fileRef = 33D85FA224070E67000615A3 /* ViewController.m */; };
		33D85FA624070E67000615A3 /* Main.storyboard in Resources */ = {isa = PBXBuildFile; fileRef = 33D85FA424070E67000615A3 /* Main.storyboard */; };
		33D85FA824070E69000615A3 /* Assets.xcassets in Resources */ = {isa = PBXBuildFile; fileRef = 33D85FA724070E69000615A3 /* Assets.xcassets */; };
		33D85FAB24070E69000615A3 /* LaunchScreen.storyboard in Resources */ = {isa = PBXBuildFile; fileRef = 33D85FA924070E69000615A3 /* LaunchScreen.storyboard */; };
		33D85FAE24070E69000615A3 /* main.m in Sources */ = {isa = PBXBuildFile; fileRef = 33D85FAD24070E69000615A3 /* main.m */; };
		4CFF790FA297301B1B6607BA /* Pods_cuid_issue_objc.framework in Frameworks */ = {isa = PBXBuildFile; fileRef = 85A1F433AA518756068EE84D /* Pods_cuid_issue_objc.framework */; };
/* End PBXBuildFile section */

/* Begin PBXFileReference section */
		2A5DD9B89B7FE97169CF35D1 /* Pods-cuid_issue_objc.debug.xcconfig */ = {isa = PBXFileReference; includeInIndex = 1; lastKnownFileType = text.xcconfig; name = "Pods-cuid_issue_objc.debug.xcconfig"; path = "Target Support Files/Pods-cuid_issue_objc/Pods-cuid_issue_objc.debug.xcconfig"; sourceTree = "<group>"; };
		33C8ABFC26EFC448009C4F39 /* cuid_issue_objc.entitlements */ = {isa = PBXFileReference; lastKnownFileType = text.plist.entitlements; path = cuid_issue_objc.entitlements; sourceTree = "<group>"; };
		33D85F9824070E67000615A3 /* cuid_issue_objc.app */ = {isa = PBXFileReference; explicitFileType = wrapper.application; includeInIndex = 0; path = cuid_issue_objc.app; sourceTree = BUILT_PRODUCTS_DIR; };
		33D85F9B24070E67000615A3 /* AppDelegate.h */ = {isa = PBXFileReference; lastKnownFileType = sourcecode.c.h; path = AppDelegate.h; sourceTree = "<group>"; };
		33D85F9C24070E67000615A3 /* AppDelegate.m */ = {isa = PBXFileReference; lastKnownFileType = sourcecode.c.objc; path = AppDelegate.m; sourceTree = "<group>"; };
		33D85FA124070E67000615A3 /* ViewController.h */ = {isa = PBXFileReference; lastKnownFileType = sourcecode.c.h; path = ViewController.h; sourceTree = "<group>"; };
		33D85FA224070E67000615A3 /* ViewController.m */ = {isa = PBXFileReference; lastKnownFileType = sourcecode.c.objc; path = ViewController.m; sourceTree = "<group>"; };
		33D85FA524070E67000615A3 /* Base */ = {isa = PBXFileReference; lastKnownFileType = file.storyboard; name = Base; path = Base.lproj/Main.storyboard; sourceTree = "<group>"; };
		33D85FA724070E69000615A3 /* Assets.xcassets */ = {isa = PBXFileReference; lastKnownFileType = folder.assetcatalog; path = Assets.xcassets; sourceTree = "<group>"; };
		33D85FAA24070E69000615A3 /* Base */ = {isa = PBXFileReference; lastKnownFileType = file.storyboard; name = Base; path = Base.lproj/LaunchScreen.storyboard; sourceTree = "<group>"; };
		33D85FAC24070E69000615A3 /* Info.plist */ = {isa = PBXFileReference; lastKnownFileType = text.plist.xml; path = Info.plist; sourceTree = "<group>"; };
		33D85FAD24070E69000615A3 /* main.m */ = {isa = PBXFileReference; lastKnownFileType = sourcecode.c.objc; path = main.m; sourceTree = "<group>"; };
		6A3E84F1027E384CB1739118 /* Pods-cuid_issue_objc.release.xcconfig */ = {isa = PBXFileReference; includeInIndex = 1; lastKnownFileType = text.xcconfig; name = "Pods-cuid_issue_objc.release.xcconfig"; path = "Target Support Files/Pods-cuid_issue_objc/Pods-cuid_issue_objc.release.xcconfig"; sourceTree = "<group>"; };
		85A1F433AA518756068EE84D /* Pods_cuid_issue_objc.framework */ = {isa = PBXFileReference; explicitFileType = wrapper.framework; includeInIndex = 0; path = Pods_cuid_issue_objc.framework; sourceTree = BUILT_PRODUCTS_DIR; };
/* End PBXFileReference section */

/* Begin PBXFrameworksBuildPhase section */
		33D85F9524070E67000615A3 /* Frameworks */ = {
			isa = PBXFrameworksBuildPhase;
			buildActionMask = 2147483647;
			files = (
				4CFF790FA297301B1B6607BA /* Pods_cuid_issue_objc.framework in Frameworks */,
			);
			runOnlyForDeploymentPostprocessing = 0;
		};
/* End PBXFrameworksBuildPhase section */

/* Begin PBXGroup section */
		33D85F8F24070E67000615A3 = {
			isa = PBXGroup;
			children = (
				33D85F9A24070E67000615A3 /* cuid_issue_objc */,
				33D85F9924070E67000615A3 /* Products */,
				76C7ECC4F9FFA1CC62489800 /* Pods */,
				55614D3A29AD74CC6C52568E /* Frameworks */,
			);
			sourceTree = "<group>";
		};
		33D85F9924070E67000615A3 /* Products */ = {
			isa = PBXGroup;
			children = (
				33D85F9824070E67000615A3 /* cuid_issue_objc.app */,
			);
			name = Products;
			sourceTree = "<group>";
		};
		33D85F9A24070E67000615A3 /* cuid_issue_objc */ = {
			isa = PBXGroup;
			children = (
				33C8ABFC26EFC448009C4F39 /* cuid_issue_objc.entitlements */,
				33D85F9B24070E67000615A3 /* AppDelegate.h */,
				33D85F9C24070E67000615A3 /* AppDelegate.m */,
				33D85FA124070E67000615A3 /* ViewController.h */,
				33D85FA224070E67000615A3 /* ViewController.m */,
				33D85FA424070E67000615A3 /* Main.storyboard */,
				33D85FA724070E69000615A3 /* Assets.xcassets */,
				33D85FA924070E69000615A3 /* LaunchScreen.storyboard */,
				33D85FAC24070E69000615A3 /* Info.plist */,
				33D85FAD24070E69000615A3 /* main.m */,
			);
			path = cuid_issue_objc;
			sourceTree = "<group>";
		};
		55614D3A29AD74CC6C52568E /* Frameworks */ = {
			isa = PBXGroup;
			children = (
				85A1F433AA518756068EE84D /* Pods_cuid_issue_objc.framework */,
			);
			name = Frameworks;
			sourceTree = "<group>";
		};
		76C7ECC4F9FFA1CC62489800 /* Pods */ = {
			isa = PBXGroup;
			children = (
				2A5DD9B89B7FE97169CF35D1 /* Pods-cuid_issue_objc.debug.xcconfig */,
				6A3E84F1027E384CB1739118 /* Pods-cuid_issue_objc.release.xcconfig */,
			);
			name = Pods;
			path = ../Pods;
			sourceTree = "<group>";
		};
/* End PBXGroup section */

/* Begin PBXNativeTarget section */
		33D85F9724070E67000615A3 /* cuid_issue_objc */ = {
			isa = PBXNativeTarget;
			buildConfigurationList = 33D85FB124070E69000615A3 /* Build configuration list for PBXNativeTarget "cuid_issue_objc" */;
			buildPhases = (
				DECB034744145487EC7C9F1C /* [CP] Check Pods Manifest.lock */,
				33D85F9424070E67000615A3 /* Sources */,
				33D85F9524070E67000615A3 /* Frameworks */,
				33D85F9624070E67000615A3 /* Resources */,
			);
			buildRules = (
			);
			dependencies = (
			);
			name = cuid_issue_objc;
			productName = cuid_issue_objc;
			productReference = 33D85F9824070E67000615A3 /* cuid_issue_objc.app */;
			productType = "com.apple.product-type.application";
		};
/* End PBXNativeTarget section */

/* Begin PBXProject section */
		33D85F9024070E67000615A3 /* Project object */ = {
			isa = PBXProject;
			attributes = {
				LastUpgradeCheck = 1130;
				ORGANIZATIONNAME = Mark;
				TargetAttributes = {
					33D85F9724070E67000615A3 = {
						CreatedOnToolsVersion = 11.3.1;
					};
				};
			};
			buildConfigurationList = 33D85F9324070E67000615A3 /* Build configuration list for PBXProject "cuid_issue_objc" */;
			compatibilityVersion = "Xcode 9.3";
			developmentRegion = en;
			hasScannedForEncodings = 0;
			knownRegions = (
				en,
				Base,
			);
			mainGroup = 33D85F8F24070E67000615A3;
			productRefGroup = 33D85F9924070E67000615A3 /* Products */;
			projectDirPath = "";
			projectRoot = "";
			targets = (
				33D85F9724070E67000615A3 /* cuid_issue_objc */,
			);
		};
/* End PBXProject section */

/* Begin PBXResourcesBuildPhase section */
		33D85F9624070E67000615A3 /* Resources */ = {
			isa = PBXResourcesBuildPhase;
			buildActionMask = 2147483647;
			files = (
				33D85FAB24070E69000615A3 /* LaunchScreen.storyboard in Resources */,
				33D85FA824070E69000615A3 /* Assets.xcassets in Resources */,
				33D85FA624070E67000615A3 /* Main.storyboard in Resources */,
			);
			runOnlyForDeploymentPostprocessing = 0;
		};
/* End PBXResourcesBuildPhase section */

/* Begin PBXShellScriptBuildPhase section */
		DECB034744145487EC7C9F1C /* [CP] Check Pods Manifest.lock */ = {
			isa = PBXShellScriptBuildPhase;
			buildActionMask = 2147483647;
			files = (
			);
			inputFileListPaths = (
			);
			inputPaths = (
				"${PODS_PODFILE_DIR_PATH}/Podfile.lock",
				"${PODS_ROOT}/Manifest.lock",
			);
			name = "[CP] Check Pods Manifest.lock";
			outputFileListPaths = (
			);
			outputPaths = (
				"$(DERIVED_FILE_DIR)/Pods-cuid_issue_objc-checkManifestLockResult.txt",
			);
			runOnlyForDeploymentPostprocessing = 0;
			shellPath = /bin/sh;
			shellScript = "diff \"${PODS_PODFILE_DIR_PATH}/Podfile.lock\" \"${PODS_ROOT}/Manifest.lock\" > /dev/null\nif [ $? != 0 ] ; then\n    # print error to STDERR\n    echo \"error: The sandbox is not in sync with the Podfile.lock. Run 'pod install' or update your CocoaPods installation.\" >&2\n    exit 1\nfi\n# This output is used by Xcode 'outputs' to avoid re-running this script phase.\necho \"SUCCESS\" > \"${SCRIPT_OUTPUT_FILE_0}\"\n";
			showEnvVarsInLog = 0;
		};
/* End PBXShellScriptBuildPhase section */

/* Begin PBXSourcesBuildPhase section */
		33D85F9424070E67000615A3 /* Sources */ = {
			isa = PBXSourcesBuildPhase;
			buildActionMask = 2147483647;
			files = (
				33D85FA324070E67000615A3 /* ViewController.m in Sources */,
				33D85F9D24070E67000615A3 /* AppDelegate.m in Sources */,
				33D85FAE24070E69000615A3 /* main.m in Sources */,
			);
			runOnlyForDeploymentPostprocessing = 0;
		};
/* End PBXSourcesBuildPhase section */

/* Begin PBXVariantGroup section */
		33D85FA424070E67000615A3 /* Main.storyboard */ = {
			isa = PBXVariantGroup;
			children = (
				33D85FA524070E67000615A3 /* Base */,
			);
			name = Main.storyboard;
			sourceTree = "<group>";
		};
		33D85FA924070E69000615A3 /* LaunchScreen.storyboard */ = {
			isa = PBXVariantGroup;
			children = (
				33D85FAA24070E69000615A3 /* Base */,
			);
			name = LaunchScreen.storyboard;
			sourceTree = "<group>";
		};
/* End PBXVariantGroup section */

/* Begin XCBuildConfiguration section */
		33D85FAF24070E69000615A3 /* Debug */ = {
			isa = XCBuildConfiguration;
			buildSettings = {
				ALWAYS_SEARCH_USER_PATHS = NO;
				CLANG_ANALYZER_NONNULL = YES;
				CLANG_ANALYZER_NUMBER_OBJECT_CONVERSION = YES_AGGRESSIVE;
				CLANG_CXX_LANGUAGE_STANDARD = "gnu++14";
				CLANG_CXX_LIBRARY = "libc++";
				CLANG_ENABLE_MODULES = YES;
				CLANG_ENABLE_OBJC_ARC = YES;
				CLANG_ENABLE_OBJC_WEAK = YES;
				CLANG_WARN_BLOCK_CAPTURE_AUTORELEASING = YES;
				CLANG_WARN_BOOL_CONVERSION = YES;
				CLANG_WARN_COMMA = YES;
				CLANG_WARN_CONSTANT_CONVERSION = YES;
				CLANG_WARN_DEPRECATED_OBJC_IMPLEMENTATIONS = YES;
				CLANG_WARN_DIRECT_OBJC_ISA_USAGE = YES_ERROR;
				CLANG_WARN_DOCUMENTATION_COMMENTS = YES;
				CLANG_WARN_EMPTY_BODY = YES;
				CLANG_WARN_ENUM_CONVERSION = YES;
				CLANG_WARN_INFINITE_RECURSION = YES;
				CLANG_WARN_INT_CONVERSION = YES;
				CLANG_WARN_NON_LITERAL_NULL_CONVERSION = YES;
				CLANG_WARN_OBJC_IMPLICIT_RETAIN_SELF = YES;
				CLANG_WARN_OBJC_LITERAL_CONVERSION = YES;
				CLANG_WARN_OBJC_ROOT_CLASS = YES_ERROR;
				CLANG_WARN_RANGE_LOOP_ANALYSIS = YES;
				CLANG_WARN_STRICT_PROTOTYPES = YES;
				CLANG_WARN_SUSPICIOUS_MOVE = YES;
				CLANG_WARN_UNGUARDED_AVAILABILITY = YES_AGGRESSIVE;
				CLANG_WARN_UNREACHABLE_CODE = YES;
				CLANG_WARN__DUPLICATE_METHOD_MATCH = YES;
				COPY_PHASE_STRIP = NO;
				DEBUG_INFORMATION_FORMAT = dwarf;
				ENABLE_STRICT_OBJC_MSGSEND = YES;
				ENABLE_TESTABILITY = YES;
				GCC_C_LANGUAGE_STANDARD = gnu11;
				GCC_DYNAMIC_NO_PIC = NO;
				GCC_NO_COMMON_BLOCKS = YES;
				GCC_OPTIMIZATION_LEVEL = 0;
				GCC_PREPROCESSOR_DEFINITIONS = (
					"DEBUG=1",
					"$(inherited)",
				);
				GCC_WARN_64_TO_32_BIT_CONVERSION = YES;
				GCC_WARN_ABOUT_RETURN_TYPE = YES_ERROR;
				GCC_WARN_UNDECLARED_SELECTOR = YES;
				GCC_WARN_UNINITIALIZED_AUTOS = YES_AGGRESSIVE;
				GCC_WARN_UNUSED_FUNCTION = YES;
				GCC_WARN_UNUSED_VARIABLE = YES;
				IPHONEOS_DEPLOYMENT_TARGET = 13.2;
				MTL_ENABLE_DEBUG_INFO = INCLUDE_SOURCE;
				MTL_FAST_MATH = YES;
				ONLY_ACTIVE_ARCH = YES;
				SDKROOT = iphoneos;
			};
			name = Debug;
		};
		33D85FB024070E69000615A3 /* Release */ = {
			isa = XCBuildConfiguration;
			buildSettings = {
				ALWAYS_SEARCH_USER_PATHS = NO;
				CLANG_ANALYZER_NONNULL = YES;
				CLANG_ANALYZER_NUMBER_OBJECT_CONVERSION = YES_AGGRESSIVE;
				CLANG_CXX_LANGUAGE_STANDARD = "gnu++14";
				CLANG_CXX_LIBRARY = "libc++";
				CLANG_ENABLE_MODULES = YES;
				CLANG_ENABLE_OBJC_ARC = YES;
				CLANG_ENABLE_OBJC_WEAK = YES;
				CLANG_WARN_BLOCK_CAPTURE_AUTORELEASING = YES;
				CLANG_WARN_BOOL_CONVERSION = YES;
				CLANG_WARN_COMMA = YES;
				CLANG_WARN_CONSTANT_CONVERSION = YES;
				CLANG_WARN_DEPRECATED_OBJC_IMPLEMENTATIONS = YES;
				CLANG_WARN_DIRECT_OBJC_ISA_USAGE = YES_ERROR;
				CLANG_WARN_DOCUMENTATION_COMMENTS = YES;
				CLANG_WARN_EMPTY_BODY = YES;
				CLANG_WARN_ENUM_CONVERSION = YES;
				CLANG_WARN_INFINITE_RECURSION = YES;
				CLANG_WARN_INT_CONVERSION = YES;
				CLANG_WARN_NON_LITERAL_NULL_CONVERSION = YES;
				CLANG_WARN_OBJC_IMPLICIT_RETAIN_SELF = YES;
				CLANG_WARN_OBJC_LITERAL_CONVERSION = YES;
				CLANG_WARN_OBJC_ROOT_CLASS = YES_ERROR;
				CLANG_WARN_RANGE_LOOP_ANALYSIS = YES;
				CLANG_WARN_STRICT_PROTOTYPES = YES;
				CLANG_WARN_SUSPICIOUS_MOVE = YES;
				CLANG_WARN_UNGUARDED_AVAILABILITY = YES_AGGRESSIVE;
				CLANG_WARN_UNREACHABLE_CODE = YES;
				CLANG_WARN__DUPLICATE_METHOD_MATCH = YES;
				COPY_PHASE_STRIP = NO;
				DEBUG_INFORMATION_FORMAT = "dwarf-with-dsym";
				ENABLE_NS_ASSERTIONS = NO;
				ENABLE_STRICT_OBJC_MSGSEND = YES;
				GCC_C_LANGUAGE_STANDARD = gnu11;
				GCC_NO_COMMON_BLOCKS = YES;
				GCC_WARN_64_TO_32_BIT_CONVERSION = YES;
				GCC_WARN_ABOUT_RETURN_TYPE = YES_ERROR;
				GCC_WARN_UNDECLARED_SELECTOR = YES;
				GCC_WARN_UNINITIALIZED_AUTOS = YES_AGGRESSIVE;
				GCC_WARN_UNUSED_FUNCTION = YES;
				GCC_WARN_UNUSED_VARIABLE = YES;
				IPHONEOS_DEPLOYMENT_TARGET = 13.2;
				MTL_ENABLE_DEBUG_INFO = NO;
				MTL_FAST_MATH = YES;
				SDKROOT = iphoneos;
				VALIDATE_PRODUCT = YES;
			};
			name = Release;
		};
		33D85FB224070E69000615A3 /* Debug */ = {
			isa = XCBuildConfiguration;
			baseConfigurationReference = 2A5DD9B89B7FE97169CF35D1 /* Pods-cuid_issue_objc.debug.xcconfig */;
			buildSettings = {
				ASSETCATALOG_COMPILER_APPICON_NAME = AppIcon;
				CODE_SIGN_ENTITLEMENTS = cuid_issue_objc/cuid_issue_objc.entitlements;
				CODE_SIGN_STYLE = Automatic;
				DEVELOPMENT_TEAM = 5H9QMETUU8;
				INFOPLIST_FILE = cuid_issue_objc/Info.plist;
				IPHONEOS_DEPLOYMENT_TARGET = 12.0;
				LD_RUNPATH_SEARCH_PATHS = (
					"$(inherited)",
					"@executable_path/Frameworks",
				);
				PRODUCT_BUNDLE_IDENTIFIER = "com.mark.ios-sample";
				PRODUCT_NAME = "$(TARGET_NAME)";
				TARGETED_DEVICE_FAMILY = "1,2";
			};
			name = Debug;
		};
		33D85FB324070E69000615A3 /* Release */ = {
			isa = XCBuildConfiguration;
			baseConfigurationReference = 6A3E84F1027E384CB1739118 /* Pods-cuid_issue_objc.release.xcconfig */;
			buildSettings = {
				ASSETCATALOG_COMPILER_APPICON_NAME = AppIcon;
				CODE_SIGN_ENTITLEMENTS = cuid_issue_objc/cuid_issue_objc.entitlements;
				CODE_SIGN_STYLE = Automatic;
				DEVELOPMENT_TEAM = 5H9QMETUU8;
				INFOPLIST_FILE = cuid_issue_objc/Info.plist;
				IPHONEOS_DEPLOYMENT_TARGET = 12.0;
				LD_RUNPATH_SEARCH_PATHS = (
					"$(inherited)",
					"@executable_path/Frameworks",
				);
				PRODUCT_BUNDLE_IDENTIFIER = "com.mark.ios-sample";
				PRODUCT_NAME = "$(TARGET_NAME)";
				TARGETED_DEVICE_FAMILY = "1,2";
			};
			name = Release;
		};
/* End XCBuildConfiguration section */

/* Begin XCConfigurationList section */
		33D85F9324070E67000615A3 /* Build configuration list for PBXProject "cuid_issue_objc" */ = {
			isa = XCConfigurationList;
			buildConfigurations = (
				33D85FAF24070E69000615A3 /* Debug */,
				33D85FB024070E69000615A3 /* Release */,
			);
			defaultConfigurationIsVisible = 0;
			defaultConfigurationName = Release;
		};
		33D85FB124070E69000615A3 /* Build configuration list for PBXNativeTarget "cuid_issue_objc" */ = {
			isa = XCConfigurationList;
			buildConfigurations = (
				33D85FB224070E69000615A3 /* Debug */,
				33D85FB324070E69000615A3 /* Release */,
			);
			defaultConfigurationIsVisible = 0;
			defaultConfigurationName = Release;
		};
/* End XCConfigurationList section */
	};
	rootObject = 33D85F9024070E67000615A3 /* Project object */;
}
